
Microsoft Visual Studio Solution File, Format Version 12.00
# Visual Studio Version 17
VisualStudioVersion = 17.5.33530.505
MinimumVisualStudioVersion = 10.0.40219.1
Project("{8BC9CEB8-8B4A-11D0-8D11-00A0C91BC942}") = "Ejemplo_exceptions_CustomEx", "Ejemplo_exceptions_CustomEx\Ejemplo_exceptions_CustomEx.vcxproj", "{3D783F71-C45D-46DC-89C1-AF2DEAE1B903}"
EndProject
Project("{8BC9CEB8-8B4A-11D0-8D11-00A0C91BC942}") = "Ejemplo2_CustomEx", "CustomEx_2\CustomEx_2.vcxproj", "{DB206B14-77A3-4607-A30F-ED1D6471AFE0}"
EndProject
Project("{8BC9CEB8-8B4A-11D0-8D11-00A0C91BC942}") = "Ejemplo3_Exceptions_CustomEx", "Ejemplo3_Exceptions_CustomEx\Ejemplo3_Exceptions_CustomEx.vcxproj", "{33E932ED-186A-4ED8-804E-BC44F68DD0F1}"
EndProject
Global
	GlobalSection(SolutionConfigurationPlatforms) = preSolution
		Debug|x64 = Debug|x64
		Debug|x86 = Debug|x86
		Release|x64 = Release|x64
		Release|x86 = Release|x86
	EndGlobalSection
	GlobalSection(ProjectConfigurationPlatforms) = postSolution
		{3D783F71-C45D-46DC-89C1-AF2DEAE1B903}.Debug|x64.ActiveCfg = Debug|x64
		{3D783F71-C45D-46DC-89C1-AF2DEAE1B903}.Debug|x64.Build.0 = Debug|x64
		{3D783F71-C45D-46DC-89C1-AF2DEAE1B903}.Debug|x86.ActiveCfg = Debug|Win32
		{3D783F71-C45D-46DC-89C1-AF2DEAE1B903}.Debug|x86.Build.0 = Debug|Win32
		{3D783F71-C45D-46DC-89C1-AF2DEAE1B903}.Release|x64.ActiveCfg = Release|x64
		{3D783F71-C45D-46DC-89C1-AF2DEAE1B903}.Release|x64.Build.0 = Release|x64
		{3D783F71-C45D-46DC-89C1-AF2DEAE1B903}.Release|x86.ActiveCfg = Release|Win32
		{3D783F71-C45D-46DC-89C1-AF2DEAE1B903}.Release|x86.Build.0 = Release|Win32
		{DB206B14-77A3-4607-A30F-ED1D6471AFE0}.Debug|x64.ActiveCfg = Debug|x64
		{DB206B14-77A3-4607-A30F-ED1D6471AFE0}.Debug|x64.Build.0 = Debug|x64
		{DB206B14-77A3-4607-A30F-ED1D6471AFE0}.Debug|x86.ActiveCfg = Debug|Win32
		{DB206B14-77A3-4607-A30F-ED1D6471AFE0}.Debug|x86.Build.0 = Debug|Win32
		{DB206B14-77A3-4607-A30F-ED1D6471AFE0}.Release|x64.ActiveCfg = Release|x64
		{DB206B14-77A3-4607-A30F-ED1D6471AFE0}.Release|x64.Build.0 = Release|x64
		{DB206B14-77A3-4607-A30F-ED1D6471AFE0}.Release|x86.ActiveCfg = Release|Win32
		{DB206B14-77A3-4607-A30F-ED1D6471AFE0}.Release|x86.Build.0 = Release|Win32
		{33E932ED-186A-4ED8-804E-BC44F68DD0F1}.Debug|x64.ActiveCfg = Debug|x64
		{33E932ED-186A-4ED8-804E-BC44F68DD0F1}.Debug|x64.Build.0 = Debug|x64
		{33E932ED-186A-4ED8-804E-BC44F68DD0F1}.Debug|x86.ActiveCfg = Debug|Win32
		{33E932ED-186A-4ED8-804E-BC44F68DD0F1}.Debug|x86.Build.0 = Debug|Win32
		{33E932ED-186A-4ED8-804E-BC44F68DD0F1}.Release|x64.ActiveCfg = Release|x64
		{33E932ED-186A-4ED8-804E-BC44F68DD0F1}.Release|x64.Build.0 = Release|x64
		{33E932ED-186A-4ED8-804E-BC44F68DD0F1}.Release|x86.ActiveCfg = Release|Win32
		{33E932ED-186A-4ED8-804E-BC44F68DD0F1}.Release|x86.Build.0 = Release|Win32
	EndGlobalSection
	GlobalSection(SolutionProperties) = preSolution
		HideSolutionNode = FALSE
	EndGlobalSection
	GlobalSection(ExtensibilityGlobals) = postSolution
		SolutionGuid = {D4A89BD9-6483-41F5-BCEF-B46F5CD0DE88}
	EndGlobalSection
EndGlobal
